
Microsoft Visual Studio Solution File, Format Version 12.00
# Visual Studio Version 16
VisualStudioVersion = 16.0.32901.82
MinimumVisualStudioVersion = 10.0.40219.1
Project("{9A19103F-16F7-4668-BE54-9A1E7A4F7556}") = "TiendaServicios.Api.Autor", "TiendaServicios.Api.Autor\TiendaServicios.Api.Autor.csproj", "{9608E553-AEDD-4202-8176-5BDE717A726F}"
EndProject
Project("{9A19103F-16F7-4668-BE54-9A1E7A4F7556}") = "TiendaServicios.Api.Libro", "TiendaServicios.Api.Libro\TiendaServicios.Api.Libro.csproj", "{B5E1A1D6-5F34-48A4-A323-AA49E5B91844}"
EndProject
Project("{9A19103F-16F7-4668-BE54-9A1E7A4F7556}") = "TiendaServicios.Api.CarritoCompra", "TiendaServicios.Api.CarritoCompra\TiendaServicios.Api.CarritoCompra.csproj", "{61584CFA-AB48-41B6-BAD6-D1F0DBBF6628}"
EndProject
Project("{9A19103F-16F7-4668-BE54-9A1E7A4F7556}") = "TiendaServicios.Api.Libro.Tests", "TiendaServicios.Api.Libro.Tests\TiendaServicios.Api.Libro.Tests.csproj", "{6EDD730D-9520-4859-AFF7-13BD94A66CAD}"
EndProject
Project("{E53339B2-1760-4266-BCC7-CA923CBCF16C}") = "docker-compose", "docker-compose.dcproj", "{3715C7C3-C064-4E58-A150-9BF58F27DE18}"
EndProject
Project("{FAE04EC0-301F-11D3-BF4B-00C04F79EFBC}") = "TiendaServicios.Api.Gateway", "TiendaServicios.Api.Gateway\TiendaServicios.Api.Gateway.csproj", "{3B3F7CB7-F38C-4BA6-BBEB-B234E29F8C10}"
EndProject
Global
	GlobalSection(SolutionConfigurationPlatforms) = preSolution
		Debug|Any CPU = Debug|Any CPU
		Release|Any CPU = Release|Any CPU
	EndGlobalSection
	GlobalSection(ProjectConfigurationPlatforms) = postSolution
		{9608E553-AEDD-4202-8176-5BDE717A726F}.Debug|Any CPU.ActiveCfg = Debug|Any CPU
		{9608E553-AEDD-4202-8176-5BDE717A726F}.Debug|Any CPU.Build.0 = Debug|Any CPU
		{9608E553-AEDD-4202-8176-5BDE717A726F}.Release|Any CPU.ActiveCfg = Release|Any CPU
		{9608E553-AEDD-4202-8176-5BDE717A726F}.Release|Any CPU.Build.0 = Release|Any CPU
		{B5E1A1D6-5F34-48A4-A323-AA49E5B91844}.Debug|Any CPU.ActiveCfg = Debug|Any CPU
		{B5E1A1D6-5F34-48A4-A323-AA49E5B91844}.Debug|Any CPU.Build.0 = Debug|Any CPU
		{B5E1A1D6-5F34-48A4-A323-AA49E5B91844}.Release|Any CPU.ActiveCfg = Release|Any CPU
		{B5E1A1D6-5F34-48A4-A323-AA49E5B91844}.Release|Any CPU.Build.0 = Release|Any CPU
		{61584CFA-AB48-41B6-BAD6-D1F0DBBF6628}.Debug|Any CPU.ActiveCfg = Debug|Any CPU
		{61584CFA-AB48-41B6-BAD6-D1F0DBBF6628}.Debug|Any CPU.Build.0 = Debug|Any CPU
		{61584CFA-AB48-41B6-BAD6-D1F0DBBF6628}.Release|Any CPU.ActiveCfg = Release|Any CPU
		{61584CFA-AB48-41B6-BAD6-D1F0DBBF6628}.Release|Any CPU.Build.0 = Release|Any CPU
		{6EDD730D-9520-4859-AFF7-13BD94A66CAD}.Debug|Any CPU.ActiveCfg = Debug|Any CPU
		{6EDD730D-9520-4859-AFF7-13BD94A66CAD}.Debug|Any CPU.Build.0 = Debug|Any CPU
		{6EDD730D-9520-4859-AFF7-13BD94A66CAD}.Release|Any CPU.ActiveCfg = Release|Any CPU
		{6EDD730D-9520-4859-AFF7-13BD94A66CAD}.Release|Any CPU.Build.0 = Release|Any CPU
		{3715C7C3-C064-4E58-A150-9BF58F27DE18}.Debug|Any CPU.ActiveCfg = Debug|Any CPU
		{3715C7C3-C064-4E58-A150-9BF58F27DE18}.Debug|Any CPU.Build.0 = Debug|Any CPU
		{3715C7C3-C064-4E58-A150-9BF58F27DE18}.Release|Any CPU.ActiveCfg = Release|Any CPU
		{3715C7C3-C064-4E58-A150-9BF58F27DE18}.Release|Any CPU.Build.0 = Release|Any CPU
		{3B3F7CB7-F38C-4BA6-BBEB-B234E29F8C10}.Debug|Any CPU.ActiveCfg = Debug|Any CPU
		{3B3F7CB7-F38C-4BA6-BBEB-B234E29F8C10}.Debug|Any CPU.Build.0 = Debug|Any CPU
		{3B3F7CB7-F38C-4BA6-BBEB-B234E29F8C10}.Release|Any CPU.ActiveCfg = Release|Any CPU
		{3B3F7CB7-F38C-4BA6-BBEB-B234E29F8C10}.Release|Any CPU.Build.0 = Release|Any CPU
	EndGlobalSection
	GlobalSection(SolutionProperties) = preSolution
		HideSolutionNode = FALSE
	EndGlobalSection
	GlobalSection(ExtensibilityGlobals) = postSolution
		SolutionGuid = {E3489F33-CC63-4B9A-86D6-1EE6CB0B1D4E}
	EndGlobalSection
EndGlobal
